
Microsoft Visual Studio Solution File, Format Version 11.00
# Visual Studio 2010
Project("{8BC9CEB8-8B4A-11D0-8D11-00A0C91BC942}") = "gl_1_2", "gl_1_2.vcxproj", "{723C8346-ACE7-15F8-9AE8-EE1F11C3EDFE}"
EndProject
Global
	GlobalSection(SolutionConfigurationPlatforms) = preSolution
		Debug|Win32 = Debug|Win32
		Release|Win32 = Release|Win32
	EndGlobalSection
	GlobalSection(ProjectConfigurationPlatforms) = postSolution
		{723C8346-ACE7-15F8-9AE8-EE1F11C3EDFE}.Debug|Win32.ActiveCfg = Debug|Win32
		{723C8346-ACE7-15F8-9AE8-EE1F11C3EDFE}.Debug|Win32.Build.0 = Debug|Win32
		{723C8346-ACE7-15F8-9AE8-EE1F11C3EDFE}.Release|Win32.ActiveCfg = Release|Win32
		{723C8346-ACE7-15F8-9AE8-EE1F11C3EDFE}.Release|Win32.Build.0 = Release|Win32
	EndGlobalSection
	GlobalSection(SolutionProperties) = preSolution
		HideSolutionNode = FALSE
	EndGlobalSection
EndGlobal
